
Microsoft Visual Studio Solution File, Format Version 12.00
# Visual Studio Version 16
VisualStudioVersion = 16.0.30523.141
MinimumVisualStudioVersion = 10.0.40219.1
Project("{9A19103F-16F7-4668-BE54-9A1E7A4F7556}") = "Doan5.BackendServerAPI", "src\Doan5.BackendServerAPI\Doan5.BackendServerAPI.csproj", "{5B845876-0270-4539-91E5-0944EC42AD5F}"
EndProject
Project("{9A19103F-16F7-4668-BE54-9A1E7A4F7556}") = "Doan5.WebPortalMVC", "src\Doan5.WebPortalMVC\Doan5.WebPortalMVC.csproj", "{99FE033C-7043-4A67-8D96-E82E0F18B246}"
EndProject
Project("{9A19103F-16F7-4668-BE54-9A1E7A4F7556}") = "Doan5.WiewModels", "src\Doan5.WiewModels\Doan5.WiewModels.csproj", "{DB5F0C0A-C0E9-4931-820B-2043B8D802B0}"
EndProject
Project("{2150E333-8FDC-42A3-9474-1A3956D46DE8}") = "Solution Items", "Solution Items", "{092E9676-BC50-4A90-BF5F-3CD992A47DD0}"
	ProjectSection(SolutionItems) = preProject
		README.md = README.md
	EndProjectSection
EndProject
Global
	GlobalSection(SolutionConfigurationPlatforms) = preSolution
		Debug|Any CPU = Debug|Any CPU
		Release|Any CPU = Release|Any CPU
	EndGlobalSection
	GlobalSection(ProjectConfigurationPlatforms) = postSolution
		{5B845876-0270-4539-91E5-0944EC42AD5F}.Debug|Any CPU.ActiveCfg = Debug|Any CPU
		{5B845876-0270-4539-91E5-0944EC42AD5F}.Debug|Any CPU.Build.0 = Debug|Any CPU
		{5B845876-0270-4539-91E5-0944EC42AD5F}.Release|Any CPU.ActiveCfg = Release|Any CPU
		{5B845876-0270-4539-91E5-0944EC42AD5F}.Release|Any CPU.Build.0 = Release|Any CPU
		{99FE033C-7043-4A67-8D96-E82E0F18B246}.Debug|Any CPU.ActiveCfg = Debug|Any CPU
		{99FE033C-7043-4A67-8D96-E82E0F18B246}.Debug|Any CPU.Build.0 = Debug|Any CPU
		{99FE033C-7043-4A67-8D96-E82E0F18B246}.Release|Any CPU.ActiveCfg = Release|Any CPU
		{99FE033C-7043-4A67-8D96-E82E0F18B246}.Release|Any CPU.Build.0 = Release|Any CPU
		{DB5F0C0A-C0E9-4931-820B-2043B8D802B0}.Debug|Any CPU.ActiveCfg = Debug|Any CPU
		{DB5F0C0A-C0E9-4931-820B-2043B8D802B0}.Debug|Any CPU.Build.0 = Debug|Any CPU
		{DB5F0C0A-C0E9-4931-820B-2043B8D802B0}.Release|Any CPU.ActiveCfg = Release|Any CPU
		{DB5F0C0A-C0E9-4931-820B-2043B8D802B0}.Release|Any CPU.Build.0 = Release|Any CPU
	EndGlobalSection
	GlobalSection(SolutionProperties) = preSolution
		HideSolutionNode = FALSE
	EndGlobalSection
	GlobalSection(ExtensibilityGlobals) = postSolution
		SolutionGuid = {198AFFD1-4F7A-4DAA-B67F-35141047258D}
	EndGlobalSection
EndGlobal
