
Microsoft Visual Studio Solution File, Format Version 12.00
# Visual Studio Version 16
VisualStudioVersion = 16.0.30523.141
MinimumVisualStudioVersion = 10.0.40219.1
Project("{FAE04EC0-301F-11D3-BF4B-00C04F79EFBC}") = "Doan5.BackendServerAPI", "src\Doan5.BackendServerAPI\Doan5.BackendServerAPI.csproj", "{9395A3EC-FFD7-45B9-96F8-990DE525EA01}"
EndProject
Global
	GlobalSection(SolutionConfigurationPlatforms) = preSolution
		Debug|Any CPU = Debug|Any CPU
		Release|Any CPU = Release|Any CPU
	EndGlobalSection
	GlobalSection(ProjectConfigurationPlatforms) = postSolution
		{9395A3EC-FFD7-45B9-96F8-990DE525EA01}.Debug|Any CPU.ActiveCfg = Debug|Any CPU
		{9395A3EC-FFD7-45B9-96F8-990DE525EA01}.Debug|Any CPU.Build.0 = Debug|Any CPU
		{9395A3EC-FFD7-45B9-96F8-990DE525EA01}.Release|Any CPU.ActiveCfg = Release|Any CPU
		{9395A3EC-FFD7-45B9-96F8-990DE525EA01}.Release|Any CPU.Build.0 = Release|Any CPU
	EndGlobalSection
	GlobalSection(SolutionProperties) = preSolution
		HideSolutionNode = FALSE
	EndGlobalSection
	GlobalSection(ExtensibilityGlobals) = postSolution
		SolutionGuid = {52893FEE-8104-4B93-B4D2-B76879314A3D}
	EndGlobalSection
EndGlobal
