
Microsoft Visual Studio Solution File, Format Version 12.00
# Visual Studio Version 16
VisualStudioVersion = 16.0.30523.141
MinimumVisualStudioVersion = 10.0.40219.1
Project("{FAE04EC0-301F-11D3-BF4B-00C04F79EFBC}") = "WebAPI_DA5", "WebAPI_DA5\WebAPI_DA5.csproj", "{FCCD1BBC-C8E9-4938-A551-78A59B18E859}"
EndProject
Global
	GlobalSection(SolutionConfigurationPlatforms) = preSolution
		Debug|Any CPU = Debug|Any CPU
		Release|Any CPU = Release|Any CPU
	EndGlobalSection
	GlobalSection(ProjectConfigurationPlatforms) = postSolution
		{FCCD1BBC-C8E9-4938-A551-78A59B18E859}.Debug|Any CPU.ActiveCfg = Debug|Any CPU
		{FCCD1BBC-C8E9-4938-A551-78A59B18E859}.Debug|Any CPU.Build.0 = Debug|Any CPU
		{FCCD1BBC-C8E9-4938-A551-78A59B18E859}.Release|Any CPU.ActiveCfg = Release|Any CPU
		{FCCD1BBC-C8E9-4938-A551-78A59B18E859}.Release|Any CPU.Build.0 = Release|Any CPU
	EndGlobalSection
	GlobalSection(SolutionProperties) = preSolution
		HideSolutionNode = FALSE
	EndGlobalSection
	GlobalSection(ExtensibilityGlobals) = postSolution
		SolutionGuid = {9DA6B753-047F-49BC-81E8-9FDB153DE150}
	EndGlobalSection
EndGlobal
